PODS:
  - AudioKit (4.2.3):
    - AudioKit/UI (= 4.2.3)
  - AudioKit/UI (4.2.3)
  - LCDView (0.0.5)

DEPENDENCIES:
  - AudioKit (~> 4.0)
  - LCDView (from `https://github.com/Tombio/LCDView.git`)

EXTERNAL SOURCES:
  LCDView:
    :git: https://github.com/Tombio/LCDView.git

CHECKOUT OPTIONS:
  LCDView:
    :commit: f9affa71448094b73001338a155d2ed17187394a
    :git: https://github.com/Tombio/LCDView.git

SPEC CHECKSUMS:
  AudioKit: 65e0035ce267446932ac733257053ac97dfe395e
  LCDView: ccb3c1c8ccc45c0cbce0111bebe778da305ee719

PODFILE CHECKSUM: bc22e80820c310c1890ca26eba6a5cea2065f698

COCOAPODS: 1.4.0
