PODS:
  - AudioKit (4.2.3):
    - AudioKit/UI (= 4.2.3)
  - AudioKit/UI (4.2.3)
  - LCDView (0.0.5)

DEPENDENCIES:
  - AudioKit (~> 4.0)
  - LCDView (from `https://github.com/coniferprod/LCDView.git`)

EXTERNAL SOURCES:
  LCDView:
    :git: https://github.com/coniferprod/LCDView.git

CHECKOUT OPTIONS:
  LCDView:
    :commit: 36d8750ac43e1e023d605ffe0b1d411514158bc7
    :git: https://github.com/coniferprod/LCDView.git

SPEC CHECKSUMS:
  AudioKit: 65e0035ce267446932ac733257053ac97dfe395e
  LCDView: ccb3c1c8ccc45c0cbce0111bebe778da305ee719

PODFILE CHECKSUM: b8e20027a11daabb864894f99e4a87bbb5d64cd5

COCOAPODS: 1.4.0
